
Microsoft Visual Studio Solution File, Format Version 12.00
# Visual Studio Version 17
VisualStudioVersion = 17.3.32901.215
MinimumVisualStudioVersion = 10.0.40219.1
Project("{FAE04EC0-301F-11D3-BF4B-00C04F79EFBC}") = "DEINT-AdminIES", "DEINT-AdminIES\DEINT-AdminIES.csproj", "{0D607B4D-F174-4D6D-A23D-F3A04D333F9C}"
EndProject
Global
	GlobalSection(SolutionConfigurationPlatforms) = preSolution
		Debug|Any CPU = Debug|Any CPU
		Release|Any CPU = Release|Any CPU
	EndGlobalSection
	GlobalSection(ProjectConfigurationPlatforms) = postSolution
		{0D607B4D-F174-4D6D-A23D-F3A04D333F9C}.Debug|Any CPU.ActiveCfg = Debug|Any CPU
		{0D607B4D-F174-4D6D-A23D-F3A04D333F9C}.Debug|Any CPU.Build.0 = Debug|Any CPU
		{0D607B4D-F174-4D6D-A23D-F3A04D333F9C}.Release|Any CPU.ActiveCfg = Release|Any CPU
		{0D607B4D-F174-4D6D-A23D-F3A04D333F9C}.Release|Any CPU.Build.0 = Release|Any CPU
	EndGlobalSection
	GlobalSection(SolutionProperties) = preSolution
		HideSolutionNode = FALSE
	EndGlobalSection
	GlobalSection(ExtensibilityGlobals) = postSolution
		SolutionGuid = {29C04325-E523-4133-80ED-357622C7B9AE}
	EndGlobalSection
EndGlobal
